// !$*UTF8*$!
{
	archiveVersion = 1;
	classes = {
	};
	objectVersion = 56;
	objects = {

/* Begin PBXBuildFile section */
		F475C31D28F782F600E33798 /* Ump_TrackerApp.swift in Sources */ = {isa = PBXBuildFile; fileRef = F475C31C28F782F600E33798 /* Ump_TrackerApp.swift */; };
		F475C31F28F782F600E33798 /* ContentView.swift in Sources */ = {isa = PBXBuildFile; fileRef = F475C31E28F782F600E33798 /* ContentView.swift */; };
		F475C32128F782F700E33798 /* Assets.xcassets in Resources */ = {isa = PBXBuildFile; fileRef = F475C32028F782F700E33798 /* Assets.xcassets */; };
		F475C32428F782F700E33798 /* Preview Assets.xcassets in Resources */ = {isa = PBXBuildFile; fileRef = F475C32328F782F700E33798 /* Preview Assets.xcassets */; };
		F475C32E28F782F800E33798 /* Ump_TrackerTests.swift in Sources */ = {isa = PBXBuildFile; fileRef = F475C32D28F782F800E33798 /* Ump_TrackerTests.swift */; };
		F475C33828F782F800E33798 /* Ump_TrackerUITests.swift in Sources */ = {isa = PBXBuildFile; fileRef = F475C33728F782F800E33798 /* Ump_TrackerUITests.swift */; };
		F475C33A28F782F800E33798 /* Ump_TrackerUITestsLaunchTests.swift in Sources */ = {isa = PBXBuildFile; fileRef = F475C33928F782F800E33798 /* Ump_TrackerUITestsLaunchTests.swift */; };
/* End PBXBuildFile section */

/* Begin PBXContainerItemProxy section */
		F475C32A28F782F800E33798 /* PBXContainerItemProxy */ = {
			isa = PBXContainerItemProxy;
			containerPortal = F475C31128F782F600E33798 /* Project object */;
			proxyType = 1;
			remoteGlobalIDString = F475C31828F782F600E33798;
			remoteInfo = "Ump Tracker";
		};
		F475C33428F782F800E33798 /* PBXContainerItemProxy */ = {
			isa = PBXContainerItemProxy;
			containerPortal = F475C31128F782F600E33798 /* Project object */;
			proxyType = 1;
			remoteGlobalIDString = F475C31828F782F600E33798;
			remoteInfo = "Ump Tracker";
		};
/* End PBXContainerItemProxy section */

/* Begin PBXFileReference section */
		F475C31928F782F600E33798 /* Ump Tracker.app */ = {isa = PBXFileReference; explicitFileType = wrapper.application; includeInIndex = 0; path = "Ump Tracker.app"; sourceTree = BUILT_PRODUCTS_DIR; };
		F475C31C28F782F600E33798 /* Ump_TrackerApp.swift */ = {isa = PBXFileReference; lastKnownFileType = sourcecode.swift; path = Ump_TrackerApp.swift; sourceTree = "<group>"; };
		F475C31E28F782F600E33798 /* ContentView.swift */ = {isa = PBXFileReference; lastKnownFileType = sourcecode.swift; path = ContentView.swift; sourceTree = "<group>"; };
		F475C32028F782F700E33798 /* Assets.xcassets */ = {isa = PBXFileReference; lastKnownFileType = folder.assetcatalog; path = Assets.xcassets; sourceTree = "<group>"; };
		F475C32328F782F700E33798 /* Preview Assets.xcassets */ = {isa = PBXFileReference; lastKnownFileType = folder.assetcatalog; path = "Preview Assets.xcassets"; sourceTree = "<group>"; };
		F475C32928F782F800E33798 /* Ump TrackerTests.xctest */ = {isa = PBXFileReference; explicitFileType = wrapper.cfbundle; includeInIndex = 0; path = "Ump TrackerTests.xctest"; sourceTree = BUILT_PRODUCTS_DIR; };
		F475C32D28F782F800E33798 /* Ump_TrackerTests.swift */ = {isa = PBXFileReference; lastKnownFileType = sourcecode.swift; path = Ump_TrackerTests.swift; sourceTree = "<group>"; };
		F475C33328F782F800E33798 /* Ump TrackerUITests.xctest */ = {isa = PBXFileReference; explicitFileType = wrapper.cfbundle; includeInIndex = 0; path = "Ump TrackerUITests.xctest"; sourceTree = BUILT_PRODUCTS_DIR; };
		F475C33728F782F800E33798 /* Ump_TrackerUITests.swift */ = {isa = PBXFileReference; lastKnownFileType = sourcecode.swift; path = Ump_TrackerUITests.swift; sourceTree = "<group>"; };
		F475C33928F782F800E33798 /* Ump_TrackerUITestsLaunchTests.swift */ = {isa = PBXFileReference; lastKnownFileType = sourcecode.swift; path = Ump_TrackerUITestsLaunchTests.swift; sourceTree = "<group>"; };
/* End PBXFileReference section */

/* Begin PBXFrameworksBuildPhase section */
		F475C31628F782F600E33798 /* Frameworks */ = {
			isa = PBXFrameworksBuildPhase;
			buildActionMask = 2147483647;
			files = (
			);
			runOnlyForDeploymentPostprocessing = 0;
		};
		F475C32628F782F800E33798 /* Frameworks */ = {
			isa = PBXFrameworksBuildPhase;
			buildActionMask = 2147483647;
			files = (
			);
			runOnlyForDeploymentPostprocessing = 0;
		};
		F475C33028F782F800E33798 /* Frameworks */ = {
			isa = PBXFrameworksBuildPhase;
			buildActionMask = 2147483647;
			files = (
			);
			runOnlyForDeploymentPostprocessing = 0;
		};
/* End PBXFrameworksBuildPhase section */

/* Begin PBXGroup section */
		F475C31028F782F600E33798 = {
			isa = PBXGroup;
			children = (
				F475C31B28F782F600E33798 /* Ump Tracker */,
				F475C32C28F782F800E33798 /* Ump TrackerTests */,
				F475C33628F782F800E33798 /* Ump TrackerUITests */,
				F475C31A28F782F600E33798 /* Products */,
			);
			sourceTree = "<group>";
		};
		F475C31A28F782F600E33798 /* Products */ = {
			isa = PBXGroup;
			children = (
				F475C31928F782F600E33798 /* Ump Tracker.app */,
				F475C32928F782F800E33798 /* Ump TrackerTests.xctest */,
				F475C33328F782F800E33798 /* Ump TrackerUITests.xctest */,
			);
			name = Products;
			sourceTree = "<group>";
		};
		F475C31B28F782F600E33798 /* Ump Tracker */ = {
			isa = PBXGroup;
			children = (
				F475C31C28F782F600E33798 /* Ump_TrackerApp.swift */,
				F475C31E28F782F600E33798 /* ContentView.swift */,
				F475C32028F782F700E33798 /* Assets.xcassets */,
				F475C32228F782F700E33798 /* Preview Content */,
			);
			path = "Ump Tracker";
			sourceTree = "<group>";
		};
		F475C32228F782F700E33798 /* Preview Content */ = {
			isa = PBXGroup;
			children = (
				F475C32328F782F700E33798 /* Preview Assets.xcassets */,
			);
			path = "Preview Content";
			sourceTree = "<group>";
		};
		F475C32C28F782F800E33798 /* Ump TrackerTests */ = {
			isa = PBXGroup;
			children = (
				F475C32D28F782F800E33798 /* Ump_TrackerTests.swift */,
			);
			path = "Ump TrackerTests";
			sourceTree = "<group>";
		};
		F475C33628F782F800E33798 /* Ump TrackerUITests */ = {
			isa = PBXGroup;
			children = (
				F475C33728F782F800E33798 /* Ump_TrackerUITests.swift */,
				F475C33928F782F800E33798 /* Ump_TrackerUITestsLaunchTests.swift */,
			);
			path = "Ump TrackerUITests";
			sourceTree = "<group>";
		};
/* End PBXGroup section */

/* Begin PBXNativeTarget section */
		F475C31828F782F600E33798 /* Ump Tracker */ = {
			isa = PBXNativeTarget;
			buildConfigurationList = F475C33D28F782F800E33798 /* Build configuration list for PBXNativeTarget "Ump Tracker" */;
			buildPhases = (
				F475C31528F782F600E33798 /* Sources */,
				F475C31628F782F600E33798 /* Frameworks */,
				F475C31728F782F600E33798 /* Resources */,
			);
			buildRules = (
			);
			dependencies = (
			);
			name = "Ump Tracker";
			productName = "Ump Tracker";
			productReference = F475C31928F782F600E33798 /* Ump Tracker.app */;
			productType = "com.apple.product-type.application";
		};
		F475C32828F782F800E33798 /* Ump TrackerTests */ = {
			isa = PBXNativeTarget;
			buildConfigurationList = F475C34028F782F800E33798 /* Build configuration list for PBXNativeTarget "Ump TrackerTests" */;
			buildPhases = (
				F475C32528F782F800E33798 /* Sources */,
				F475C32628F782F800E33798 /* Frameworks */,
				F475C32728F782F800E33798 /* Resources */,
			);
			buildRules = (
			);
			dependencies = (
				F475C32B28F782F800E33798 /* PBXTargetDependency */,
			);
			name = "Ump TrackerTests";
			productName = "Ump TrackerTests";
			productReference = F475C32928F782F800E33798 /* Ump TrackerTests.xctest */;
			productType = "com.apple.product-type.bundle.unit-test";
		};
		F475C33228F782F800E33798 /* Ump TrackerUITests */ = {
			isa = PBXNativeTarget;
			buildConfigurationList = F475C34328F782F800E33798 /* Build configuration list for PBXNativeTarget "Ump TrackerUITests" */;
			buildPhases = (
				F475C32F28F782F800E33798 /* Sources */,
				F475C33028F782F800E33798 /* Frameworks */,
				F475C33128F782F800E33798 /* Resources */,
			);
			buildRules = (
			);
			dependencies = (
				F475C33528F782F800E33798 /* PBXTargetDependency */,
			);
			name = "Ump TrackerUITests";
			productName = "Ump TrackerUITests";
			productReference = F475C33328F782F800E33798 /* Ump TrackerUITests.xctest */;
			productType = "com.apple.product-type.bundle.ui-testing";
		};
/* End PBXNativeTarget section */

/* Begin PBXProject section */
		F475C31128F782F600E33798 /* Project object */ = {
			isa = PBXProject;
			attributes = {
				BuildIndependentTargetsInParallel = 1;
				LastSwiftUpdateCheck = 1400;
				LastUpgradeCheck = 1400;
				TargetAttributes = {
					F475C31828F782F600E33798 = {
						CreatedOnToolsVersion = 14.0.1;
					};
					F475C32828F782F800E33798 = {
						CreatedOnToolsVersion = 14.0.1;
						TestTargetID = F475C31828F782F600E33798;
					};
					F475C33228F782F800E33798 = {
						CreatedOnToolsVersion = 14.0.1;
						TestTargetID = F475C31828F782F600E33798;
					};
				};
			};
			buildConfigurationList = F475C31428F782F600E33798 /* Build configuration list for PBXProject "Ump Tracker" */;
			compatibilityVersion = "Xcode 14.0";
			developmentRegion = en;
			hasScannedForEncodings = 0;
			knownRegions = (
				en,
				Base,
			);
			mainGroup = F475C31028F782F600E33798;
			productRefGroup = F475C31A28F782F600E33798 /* Products */;
			projectDirPath = "";
			projectRoot = "";
			targets = (
				F475C31828F782F600E33798 /* Ump Tracker */,
				F475C32828F782F800E33798 /* Ump TrackerTests */,
				F475C33228F782F800E33798 /* Ump TrackerUITests */,
			);
		};
/* End PBXProject section */

/* Begin PBXResourcesBuildPhase section */
		F475C31728F782F600E33798 /* Resources */ = {
			isa = PBXResourcesBuildPhase;
			buildActionMask = 2147483647;
			files = (
				F475C32428F782F700E33798 /* Preview Assets.xcassets in Resources */,
				F475C32128F782F700E33798 /* Assets.xcassets in Resources */,
			);
			runOnlyForDeploymentPostprocessing = 0;
		};
		F475C32728F782F800E33798 /* Resources */ = {
			isa = PBXResourcesBuildPhase;
			buildActionMask = 2147483647;
			files = (
			);
			runOnlyForDeploymentPostprocessing = 0;
		};
		F475C33128F782F800E33798 /* Resources */ = {
			isa = PBXResourcesBuildPhase;
			buildActionMask = 2147483647;
			files = (
			);
			runOnlyForDeploymentPostprocessing = 0;
		};
/* End PBXResourcesBuildPhase section */

/* Begin PBXSourcesBuildPhase section */
		F475C31528F782F600E33798 /* Sources */ = {
			isa = PBXSourcesBuildPhase;
			buildActionMask = 2147483647;
			files = (
				F475C31F28F782F600E33798 /* ContentView.swift in Sources */,
				F475C31D28F782F600E33798 /* Ump_TrackerApp.swift in Sources */,
			);
			runOnlyForDeploymentPostprocessing = 0;
		};
		F475C32528F782F800E33798 /* Sources */ = {
			isa = PBXSourcesBuildPhase;
			buildActionMask = 2147483647;
			files = (
				F475C32E28F782F800E33798 /* Ump_TrackerTests.swift in Sources */,
			);
			runOnlyForDeploymentPostprocessing = 0;
		};
		F475C32F28F782F800E33798 /* Sources */ = {
			isa = PBXSourcesBuildPhase;
			buildActionMask = 2147483647;
			files = (
				F475C33A28F782F800E33798 /* Ump_TrackerUITestsLaunchTests.swift in Sources */,
				F475C33828F782F800E33798 /* Ump_TrackerUITests.swift in Sources */,
			);
			runOnlyForDeploymentPostprocessing = 0;
		};
/* End PBXSourcesBuildPhase section */

/* Begin PBXTargetDependency section */
		F475C32B28F782F800E33798 /* PBXTargetDependency */ = {
			isa = PBXTargetDependency;
			target = F475C31828F782F600E33798 /* Ump Tracker */;
			targetProxy = F475C32A28F782F800E33798 /* PBXContainerItemProxy */;
		};
		F475C33528F782F800E33798 /* PBXTargetDependency */ = {
			isa = PBXTargetDependency;
			target = F475C31828F782F600E33798 /* Ump Tracker */;
			targetProxy = F475C33428F782F800E33798 /* PBXContainerItemProxy */;
		};
/* End PBXTargetDependency section */

/* Begin XCBuildConfiguration section */
		F475C33B28F782F800E33798 /* Debug */ = {
			isa = XCBuildConfiguration;
			buildSettings = {
				ALWAYS_SEARCH_USER_PATHS = NO;
				CLANG_ANALYZER_NONNULL = YES;
				CLANG_ANALYZER_NUMBER_OBJECT_CONVERSION = YES_AGGRESSIVE;
				CLANG_CXX_LANGUAGE_STANDARD = "gnu++20";
				CLANG_ENABLE_MODULES = YES;
				CLANG_ENABLE_OBJC_ARC = YES;
				CLANG_ENABLE_OBJC_WEAK = YES;
				CLANG_WARN_BLOCK_CAPTURE_AUTORELEASING = YES;
				CLANG_WARN_BOOL_CONVERSION = YES;
				CLANG_WARN_COMMA = YES;
				CLANG_WARN_CONSTANT_CONVERSION = YES;
				CLANG_WARN_DEPRECATED_OBJC_IMPLEMENTATIONS = YES;
				CLANG_WARN_DIRECT_OBJC_ISA_USAGE = YES_ERROR;
				CLANG_WARN_DOCUMENTATION_COMMENTS = YES;
				CLANG_WARN_EMPTY_BODY = YES;
				CLANG_WARN_ENUM_CONVERSION = YES;
				CLANG_WARN_INFINITE_RECURSION = YES;
				CLANG_WARN_INT_CONVERSION = YES;
				CLANG_WARN_NON_LITERAL_NULL_CONVERSION = YES;
				CLANG_WARN_OBJC_IMPLICIT_RETAIN_SELF = YES;
				CLANG_WARN_OBJC_LITERAL_CONVERSION = YES;
				CLANG_WARN_OBJC_ROOT_CLASS = YES_ERROR;
				CLANG_WARN_QUOTED_INCLUDE_IN_FRAMEWORK_HEADER = YES;
				CLANG_WARN_RANGE_LOOP_ANALYSIS = YES;
				CLANG_WARN_STRICT_PROTOTYPES = YES;
				CLANG_WARN_SUSPICIOUS_MOVE = YES;
				CLANG_WARN_UNGUARDED_AVAILABILITY = YES_AGGRESSIVE;
				CLANG_WARN_UNREACHABLE_CODE = YES;
				CLANG_WARN__DUPLICATE_METHOD_MATCH = YES;
				COPY_PHASE_STRIP = NO;
				DEBUG_INFORMATION_FORMAT = dwarf;
				ENABLE_STRICT_OBJC_MSGSEND = YES;
				ENABLE_TESTABILITY = YES;
				GCC_C_LANGUAGE_STANDARD = gnu11;
				GCC_DYNAMIC_NO_PIC = NO;
				GCC_NO_COMMON_BLOCKS = YES;
				GCC_OPTIMIZATION_LEVEL = 0;
				GCC_PREPROCESSOR_DEFINITIONS = (
					"DEBUG=1",
					"$(inherited)",
				);
				GCC_WARN_64_TO_32_BIT_CONVERSION = YES;
				GCC_WARN_ABOUT_RETURN_TYPE = YES_ERROR;
				GCC_WARN_UNDECLARED_SELECTOR = YES;
				GCC_WARN_UNINITIALIZED_AUTOS = YES_AGGRESSIVE;
				GCC_WARN_UNUSED_FUNCTION = YES;
				GCC_WARN_UNUSED_VARIABLE = YES;
				IPHONEOS_DEPLOYMENT_TARGET = 16.0;
				MTL_ENABLE_DEBUG_INFO = INCLUDE_SOURCE;
				MTL_FAST_MATH = YES;
				ONLY_ACTIVE_ARCH = YES;
				SDKROOT = iphoneos;
				SWIFT_ACTIVE_COMPILATION_CONDITIONS = DEBUG;
				SWIFT_OPTIMIZATION_LEVEL = "-Onone";
			};
			name = Debug;
		};
		F475C33C28F782F800E33798 /* Release */ = {
			isa = XCBuildConfiguration;
			buildSettings = {
				ALWAYS_SEARCH_USER_PATHS = NO;
				CLANG_ANALYZER_NONNULL = YES;
				CLANG_ANALYZER_NUMBER_OBJECT_CONVERSION = YES_AGGRESSIVE;
				CLANG_CXX_LANGUAGE_STANDARD = "gnu++20";
				CLANG_ENABLE_MODULES = YES;
				CLANG_ENABLE_OBJC_ARC = YES;
				CLANG_ENABLE_OBJC_WEAK = YES;
				CLANG_WARN_BLOCK_CAPTURE_AUTORELEASING = YES;
				CLANG_WARN_BOOL_CONVERSION = YES;
				CLANG_WARN_COMMA = YES;
				CLANG_WARN_CONSTANT_CONVERSION = YES;
				CLANG_WARN_DEPRECATED_OBJC_IMPLEMENTATIONS = YES;
				CLANG_WARN_DIRECT_OBJC_ISA_USAGE = YES_ERROR;
				CLANG_WARN_DOCUMENTATION_COMMENTS = YES;
				CLANG_WARN_EMPTY_BODY = YES;
				CLANG_WARN_ENUM_CONVERSION = YES;
				CLANG_WARN_INFINITE_RECURSION = YES;
				CLANG_WARN_INT_CONVERSION = YES;
				CLANG_WARN_NON_LITERAL_NULL_CONVERSION = YES;
				CLANG_WARN_OBJC_IMPLICIT_RETAIN_SELF = YES;
				CLANG_WARN_OBJC_LITERAL_CONVERSION = YES;
				CLANG_WARN_OBJC_ROOT_CLASS = YES_ERROR;
				CLANG_WARN_QUOTED_INCLUDE_IN_FRAMEWORK_HEADER = YES;
				CLANG_WARN_RANGE_LOOP_ANALYSIS = YES;
				CLANG_WARN_STRICT_PROTOTYPES = YES;
				CLANG_WARN_SUSPICIOUS_MOVE = YES;
				CLANG_WARN_UNGUARDED_AVAILABILITY = YES_AGGRESSIVE;
				CLANG_WARN_UNREACHABLE_CODE = YES;
				CLANG_WARN__DUPLICATE_METHOD_MATCH = YES;
				COPY_PHASE_STRIP = NO;
				DEBUG_INFORMATION_FORMAT = "dwarf-with-dsym";
				ENABLE_NS_ASSERTIONS = NO;
				ENABLE_STRICT_OBJC_MSGSEND = YES;
				GCC_C_LANGUAGE_STANDARD = gnu11;
				GCC_NO_COMMON_BLOCKS = YES;
				GCC_WARN_64_TO_32_BIT_CONVERSION = YES;
				GCC_WARN_ABOUT_RETURN_TYPE = YES_ERROR;
				GCC_WARN_UNDECLARED_SELECTOR = YES;
				GCC_WARN_UNINITIALIZED_AUTOS = YES_AGGRESSIVE;
				GCC_WARN_UNUSED_FUNCTION = YES;
				GCC_WARN_UNUSED_VARIABLE = YES;
				IPHONEOS_DEPLOYMENT_TARGET = 16.0;
				MTL_ENABLE_DEBUG_INFO = NO;
				MTL_FAST_MATH = YES;
				SDKROOT = iphoneos;
				SWIFT_COMPILATION_MODE = wholemodule;
				SWIFT_OPTIMIZATION_LEVEL = "-O";
				VALIDATE_PRODUCT = YES;
			};
			name = Release;
		};
		F475C33E28F782F800E33798 /* Debug */ = {
			isa = XCBuildConfiguration;
			buildSettings = {
				ASSETCATALOG_COMPILER_APPICON_NAME = AppIcon;
				ASSETCATALOG_COMPILER_GLOBAL_ACCENT_COLOR_NAME = AccentColor;
				CODE_SIGN_STYLE = Automatic;
				CURRENT_PROJECT_VERSION = 1;
				DEVELOPMENT_ASSET_PATHS = "\"Ump Tracker/Preview Content\"";
				DEVELOPMENT_TEAM = H5LT486V36;
				ENABLE_PREVIEWS = YES;
				GENERATE_INFOPLIST_FILE = YES;
				INFOPLIST_KEY_UIApplicationSceneManifest_Generation = YES;
				INFOPLIST_KEY_UIApplicationSupportsIndirectInputEvents = YES;
				INFOPLIST_KEY_UILaunchScreen_Generation = YES;
				INFOPLIST_KEY_UISupportedInterfaceOrientations_iPad = "UIInterfaceOrientationPortrait UIInterfaceOrientationPortraitUpsideDown UIInterfaceOrientationLandscapeLeft UIInterfaceOrientationLandscapeRight";
				INFOPLIST_KEY_UISupportedInterfaceOrientations_iPhone = "UIInterfaceOrientationPortrait UIInterfaceOrientationLandscapeLeft UIInterfaceOrientationLandscapeRight";
				LD_RUNPATH_SEARCH_PATHS = (
					"$(inherited)",
					"@executable_path/Frameworks",
				);
				MARKETING_VERSION = 1.0;
				PRODUCT_BUNDLE_IDENTIFIER = "simongil.Ump-Tracker";
				PRODUCT_NAME = "$(TARGET_NAME)";
				SWIFT_EMIT_LOC_STRINGS = YES;
				SWIFT_VERSION = 5.0;
				TARGETED_DEVICE_FAMILY = "1,2";
			};
			name = Debug;
		};
		F475C33F28F782F800E33798 /* Release */ = {
			isa = XCBuildConfiguration;
			buildSettings = {
				ASSETCATALOG_COMPILER_APPICON_NAME = AppIcon;
				ASSETCATALOG_COMPILER_GLOBAL_ACCENT_COLOR_NAME = AccentColor;
				CODE_SIGN_STYLE = Automatic;
				CURRENT_PROJECT_VERSION = 1;
				DEVELOPMENT_ASSET_PATHS = "\"Ump Tracker/Preview Content\"";
				DEVELOPMENT_TEAM = H5LT486V36;
				ENABLE_PREVIEWS = YES;
				GENERATE_INFOPLIST_FILE = YES;
				INFOPLIST_KEY_UIApplicationSceneManifest_Generation = YES;
				INFOPLIST_KEY_UIApplicationSupportsIndirectInputEvents = YES;
				INFOPLIST_KEY_UILaunchScreen_Generation = YES;
				INFOPLIST_KEY_UISupportedInterfaceOrientations_iPad = "UIInterfaceOrientationPortrait UIInterfaceOrientationPortraitUpsideDown UIInterfaceOrientationLandscapeLeft UIInterfaceOrientationLandscapeRight";
				INFOPLIST_KEY_UISupportedInterfaceOrientations_iPhone = "UIInterfaceOrientationPortrait UIInterfaceOrientationLandscapeLeft UIInterfaceOrientationLandscapeRight";
				LD_RUNPATH_SEARCH_PATHS = (
					"$(inherited)",
					"@executable_path/Frameworks",
				);
				MARKETING_VERSION = 1.0;
				PRODUCT_BUNDLE_IDENTIFIER = "simongil.Ump-Tracker";
				PRODUCT_NAME = "$(TARGET_NAME)";
				SWIFT_EMIT_LOC_STRINGS = YES;
				SWIFT_VERSION = 5.0;
				TARGETED_DEVICE_FAMILY = "1,2";
			};
			name = Release;
		};
		F475C34128F782F800E33798 /* Debug */ = {
			isa = XCBuildConfiguration;
			buildSettings = {
				ALWAYS_EMBED_SWIFT_STANDARD_LIBRARIES = YES;
				BUNDLE_LOADER = "$(TEST_HOST)";
				CODE_SIGN_STYLE = Automatic;
				CURRENT_PROJECT_VERSION = 1;
				DEVELOPMENT_TEAM = H5LT486V36;
				GENERATE_INFOPLIST_FILE = YES;
				IPHONEOS_DEPLOYMENT_TARGET = 16.0;
				MARKETING_VERSION = 1.0;
				PRODUCT_BUNDLE_IDENTIFIER = "simongil.Ump-TrackerTests";
				PRODUCT_NAME = "$(TARGET_NAME)";
				SWIFT_EMIT_LOC_STRINGS = NO;
				SWIFT_VERSION = 5.0;
				TARGETED_DEVICE_FAMILY = "1,2";
				TEST_HOST = "$(BUILT_PRODUCTS_DIR)/Ump Tracker.app/$(BUNDLE_EXECUTABLE_FOLDER_PATH)/Ump Tracker";
			};
			name = Debug;
		};
		F475C34228F782F800E33798 /* Release */ = {
			isa = XCBuildConfiguration;
			buildSettings = {
				ALWAYS_EMBED_SWIFT_STANDARD_LIBRARIES = YES;
				BUNDLE_LOADER = "$(TEST_HOST)";
				CODE_SIGN_STYLE = Automatic;
				CURRENT_PROJECT_VERSION = 1;
				DEVELOPMENT_TEAM = H5LT486V36;
				GENERATE_INFOPLIST_FILE = YES;
				IPHONEOS_DEPLOYMENT_TARGET = 16.0;
				MARKETING_VERSION = 1.0;
				PRODUCT_BUNDLE_IDENTIFIER = "simongil.Ump-TrackerTests";
				PRODUCT_NAME = "$(TARGET_NAME)";
				SWIFT_EMIT_LOC_STRINGS = NO;
				SWIFT_VERSION = 5.0;
				TARGETED_DEVICE_FAMILY = "1,2";
				TEST_HOST = "$(BUILT_PRODUCTS_DIR)/Ump Tracker.app/$(BUNDLE_EXECUTABLE_FOLDER_PATH)/Ump Tracker";
			};
			name = Release;
		};
		F475C34428F782F800E33798 /* Debug */ = {
			isa = XCBuildConfiguration;
			buildSettings = {
				ALWAYS_EMBED_SWIFT_STANDARD_LIBRARIES = YES;
				CODE_SIGN_STYLE = Automatic;
				CURRENT_PROJECT_VERSION = 1;
				DEVELOPMENT_TEAM = H5LT486V36;
				GENERATE_INFOPLIST_FILE = YES;
				MARKETING_VERSION = 1.0;
				PRODUCT_BUNDLE_IDENTIFIER = "simongil.Ump-TrackerUITests";
				PRODUCT_NAME = "$(TARGET_NAME)";
				SWIFT_EMIT_LOC_STRINGS = NO;
				SWIFT_VERSION = 5.0;
				TARGETED_DEVICE_FAMILY = "1,2";
				TEST_TARGET_NAME = "Ump Tracker";
			};
			name = Debug;
		};
		F475C34528F782F800E33798 /* Release */ = {
			isa = XCBuildConfiguration;
			buildSettings = {
				ALWAYS_EMBED_SWIFT_STANDARD_LIBRARIES = YES;
				CODE_SIGN_STYLE = Automatic;
				CURRENT_PROJECT_VERSION = 1;
				DEVELOPMENT_TEAM = H5LT486V36;
				GENERATE_INFOPLIST_FILE = YES;
				MARKETING_VERSION = 1.0;
				PRODUCT_BUNDLE_IDENTIFIER = "simongil.Ump-TrackerUITests";
				PRODUCT_NAME = "$(TARGET_NAME)";
				SWIFT_EMIT_LOC_STRINGS = NO;
				SWIFT_VERSION = 5.0;
				TARGETED_DEVICE_FAMILY = "1,2";
				TEST_TARGET_NAME = "Ump Tracker";
			};
			name = Release;
		};
/* End XCBuildConfiguration section */

/* Begin XCConfigurationList section */
		F475C31428F782F600E33798 /* Build configuration list for PBXProject "Ump Tracker" */ = {
			isa = XCConfigurationList;
			buildConfigurations = (
				F475C33B28F782F800E33798 /* Debug */,
				F475C33C28F782F800E33798 /* Release */,
			);
			defaultConfigurationIsVisible = 0;
			defaultConfigurationName = Release;
		};
		F475C33D28F782F800E33798 /* Build configuration list for PBXNativeTarget "Ump Tracker" */ = {
			isa = XCConfigurationList;
			buildConfigurations = (
				F475C33E28F782F800E33798 /* Debug */,
				F475C33F28F782F800E33798 /* Release */,
			);
			defaultConfigurationIsVisible = 0;
			defaultConfigurationName = Release;
		};
		F475C34028F782F800E33798 /* Build configuration list for PBXNativeTarget "Ump TrackerTests" */ = {
			isa = XCConfigurationList;
			buildConfigurations = (
				F475C34128F782F800E33798 /* Debug */,
				F475C34228F782F800E33798 /* Release */,
			);
			defaultConfigurationIsVisible = 0;
			defaultConfigurationName = Release;
		};
		F475C34328F782F800E33798 /* Build configuration list for PBXNativeTarget "Ump TrackerUITests" */ = {
			isa = XCConfigurationList;
			buildConfigurations = (
				F475C34428F782F800E33798 /* Debug */,
				F475C34528F782F800E33798 /* Release */,
			);
			defaultConfigurationIsVisible = 0;
			defaultConfigurationName = Release;
		};
/* End XCConfigurationList section */
	};
	rootObject = F475C31128F782F600E33798 /* Project object */;
}
